
Microsoft Visual Studio Solution File, Format Version 12.00
# Visual Studio 2017
Project("{FAE04EC0-301F-11D3-BF4B-00C04F79EFBC}") = "aa", "aa.csproj", "{AC58683A-CA7F-A164-B0FE-362AE890ABF7}"
EndProject
Global
	GlobalSection(SolutionConfigurationPlatforms) = preSolution
		Debug|Any CPU = Debug|Any CPU
		Release|Any CPU = Release|Any CPU
	EndGlobalSection
	GlobalSection(ProjectConfigurationPlatforms) = postSolution
		{AC58683A-CA7F-A164-B0FE-362AE890ABF7}.Debug|Any CPU.ActiveCfg = Debug|Any CPU
		{AC58683A-CA7F-A164-B0FE-362AE890ABF7}.Debug|Any CPU.Build.0 = Debug|Any CPU
		{AC58683A-CA7F-A164-B0FE-362AE890ABF7}.Release|Any CPU.ActiveCfg = Release|Any CPU
		{AC58683A-CA7F-A164-B0FE-362AE890ABF7}.Release|Any CPU.Build.0 = Release|Any CPU
	EndGlobalSection
	GlobalSection(SolutionProperties) = preSolution
		HideSolutionNode = FALSE
	EndGlobalSection
EndGlobal
